
Microsoft Visual Studio Solution File, Format Version 12.00
# Visual Studio 15
VisualStudioVersion = 15.0.27130.2010
MinimumVisualStudioVersion = 10.0.40219.1
Project("{151D2E53-A2C4-4D7D-83FE-D05416EBD58E}") = "AzureResourceGroup", "AzureResourceGroup\AzureResourceGroup.deployproj", "{2E19108D-A9D5-43E0-A826-B5EAC74BE170}"
EndProject
Project("{9A19103F-16F7-4668-BE54-9A1E7A4F7556}") = "AspNetVstsSample.Web", "AspNetVstsSample.Web\AspNetVstsSample.Web.csproj", "{BFB3D4B7-E065-4217-905D-88A2360D5D1C}"
EndProject
Project("{F5034706-568F-408A-B7B3-4D38C6DB8A32}") = "AzurePowerShell", "AzurePowerShell\AzurePowerShell.pssproj", "{6CAFC0C6-A428-4D30-A9F9-700E829FEA51}"
EndProject
Global
	GlobalSection(SolutionConfigurationPlatforms) = preSolution
		Debug|Any CPU = Debug|Any CPU
		Release|Any CPU = Release|Any CPU
	EndGlobalSection
	GlobalSection(ProjectConfigurationPlatforms) = postSolution
		{2E19108D-A9D5-43E0-A826-B5EAC74BE170}.Debug|Any CPU.ActiveCfg = Debug|Any CPU
		{2E19108D-A9D5-43E0-A826-B5EAC74BE170}.Debug|Any CPU.Build.0 = Debug|Any CPU
		{2E19108D-A9D5-43E0-A826-B5EAC74BE170}.Release|Any CPU.ActiveCfg = Release|Any CPU
		{2E19108D-A9D5-43E0-A826-B5EAC74BE170}.Release|Any CPU.Build.0 = Release|Any CPU
		{BFB3D4B7-E065-4217-905D-88A2360D5D1C}.Debug|Any CPU.ActiveCfg = Debug|Any CPU
		{BFB3D4B7-E065-4217-905D-88A2360D5D1C}.Debug|Any CPU.Build.0 = Debug|Any CPU
		{BFB3D4B7-E065-4217-905D-88A2360D5D1C}.Release|Any CPU.ActiveCfg = Release|Any CPU
		{BFB3D4B7-E065-4217-905D-88A2360D5D1C}.Release|Any CPU.Build.0 = Release|Any CPU
		{6CAFC0C6-A428-4D30-A9F9-700E829FEA51}.Debug|Any CPU.ActiveCfg = Debug|Any CPU
		{6CAFC0C6-A428-4D30-A9F9-700E829FEA51}.Debug|Any CPU.Build.0 = Debug|Any CPU
		{6CAFC0C6-A428-4D30-A9F9-700E829FEA51}.Release|Any CPU.ActiveCfg = Release|Any CPU
		{6CAFC0C6-A428-4D30-A9F9-700E829FEA51}.Release|Any CPU.Build.0 = Release|Any CPU
	EndGlobalSection
	GlobalSection(SolutionProperties) = preSolution
		HideSolutionNode = FALSE
	EndGlobalSection
	GlobalSection(ExtensibilityGlobals) = postSolution
		SolutionGuid = {E3B86425-1907-4A9E-B0F5-BB5FB894ED5D}
	EndGlobalSection
EndGlobal
