
Microsoft Visual Studio Solution File, Format Version 12.00
# Visual Studio 15
VisualStudioVersion = 15.0.27130.2010
MinimumVisualStudioVersion = 10.0.40219.1
Project("{FAE04EC0-301F-11D3-BF4B-00C04F79EFBC}") = "AspNetVstsSample.Web", "AspNetVstsSample.Web\AspNetVstsSample.Web.csproj", "{AE75B463-56EA-4F9C-A1B3-E1488BC67B9D}"
EndProject
Project("{151D2E53-A2C4-4D7D-83FE-D05416EBD58E}") = "AzureResourceGroup", "AzureResourceGroup\AzureResourceGroup.deployproj", "{2E19108D-A9D5-43E0-A826-B5EAC74BE170}"
EndProject
Global
	GlobalSection(SolutionConfigurationPlatforms) = preSolution
		Debug|Any CPU = Debug|Any CPU
		Release|Any CPU = Release|Any CPU
	EndGlobalSection
	GlobalSection(ProjectConfigurationPlatforms) = postSolution
		{AE75B463-56EA-4F9C-A1B3-E1488BC67B9D}.Debug|Any CPU.ActiveCfg = Debug|Any CPU
		{AE75B463-56EA-4F9C-A1B3-E1488BC67B9D}.Debug|Any CPU.Build.0 = Debug|Any CPU
		{AE75B463-56EA-4F9C-A1B3-E1488BC67B9D}.Release|Any CPU.ActiveCfg = Release|Any CPU
		{AE75B463-56EA-4F9C-A1B3-E1488BC67B9D}.Release|Any CPU.Build.0 = Release|Any CPU
		{2E19108D-A9D5-43E0-A826-B5EAC74BE170}.Debug|Any CPU.ActiveCfg = Debug|Any CPU
		{2E19108D-A9D5-43E0-A826-B5EAC74BE170}.Debug|Any CPU.Build.0 = Debug|Any CPU
		{2E19108D-A9D5-43E0-A826-B5EAC74BE170}.Release|Any CPU.ActiveCfg = Release|Any CPU
		{2E19108D-A9D5-43E0-A826-B5EAC74BE170}.Release|Any CPU.Build.0 = Release|Any CPU
	EndGlobalSection
	GlobalSection(SolutionProperties) = preSolution
		HideSolutionNode = FALSE
	EndGlobalSection
	GlobalSection(ExtensibilityGlobals) = postSolution
		SolutionGuid = {E3B86425-1907-4A9E-B0F5-BB5FB894ED5D}
	EndGlobalSection
EndGlobal
